// !$*UTF8*$!
{
	archiveVersion = 1;
	classes = {
	};
	objectVersion = 50;
	objects = {

/* Begin PBXBuildFile section */
		6767923C25D719DD00F46DE1 /* MainViewController.swift in Sources */ = {isa = PBXBuildFile; fileRef = 6767923B25D719DD00F46DE1 /* MainViewController.swift */; };
		6798903025C6017F001CC84B /* AppDelegate.swift in Sources */ = {isa = PBXBuildFile; fileRef = 6798902F25C6017F001CC84B /* AppDelegate.swift */; };
		6798903225C6017F001CC84B /* SceneDelegate.swift in Sources */ = {isa = PBXBuildFile; fileRef = 6798903125C6017F001CC84B /* SceneDelegate.swift */; };
		6798903425C6017F001CC84B /* SecondViewController.swift in Sources */ = {isa = PBXBuildFile; fileRef = 6798903325C6017F001CC84B /* SecondViewController.swift */; };
		6798903725C6017F001CC84B /* Main.storyboard in Resources */ = {isa = PBXBuildFile; fileRef = 6798903525C6017F001CC84B /* Main.storyboard */; };
		6798903925C60182001CC84B /* Assets.xcassets in Resources */ = {isa = PBXBuildFile; fileRef = 6798903825C60182001CC84B /* Assets.xcassets */; };
		6798903C25C60182001CC84B /* LaunchScreen.storyboard in Resources */ = {isa = PBXBuildFile; fileRef = 6798903A25C60182001CC84B /* LaunchScreen.storyboard */; };
/* End PBXBuildFile section */

/* Begin PBXFileReference section */
		6767923B25D719DD00F46DE1 /* MainViewController.swift */ = {isa = PBXFileReference; lastKnownFileType = sourcecode.swift; path = MainViewController.swift; sourceTree = "<group>"; };
		6798902C25C6017F001CC84B /* RGBPicker.app */ = {isa = PBXFileReference; explicitFileType = wrapper.application; includeInIndex = 0; path = RGBPicker.app; sourceTree = BUILT_PRODUCTS_DIR; };
		6798902F25C6017F001CC84B /* AppDelegate.swift */ = {isa = PBXFileReference; lastKnownFileType = sourcecode.swift; path = AppDelegate.swift; sourceTree = "<group>"; };
		6798903125C6017F001CC84B /* SceneDelegate.swift */ = {isa = PBXFileReference; lastKnownFileType = sourcecode.swift; path = SceneDelegate.swift; sourceTree = "<group>"; };
		6798903325C6017F001CC84B /* SecondViewController.swift */ = {isa = PBXFileReference; lastKnownFileType = sourcecode.swift; path = SecondViewController.swift; sourceTree = "<group>"; };
		6798903625C6017F001CC84B /* Base */ = {isa = PBXFileReference; lastKnownFileType = file.storyboard; name = Base; path = Base.lproj/Main.storyboard; sourceTree = "<group>"; };
		6798903825C60182001CC84B /* Assets.xcassets */ = {isa = PBXFileReference; lastKnownFileType = folder.assetcatalog; path = Assets.xcassets; sourceTree = "<group>"; };
		6798903B25C60182001CC84B /* Base */ = {isa = PBXFileReference; lastKnownFileType = file.storyboard; name = Base; path = Base.lproj/LaunchScreen.storyboard; sourceTree = "<group>"; };
		6798903D25C60182001CC84B /* Info.plist */ = {isa = PBXFileReference; lastKnownFileType = text.plist.xml; path = Info.plist; sourceTree = "<group>"; };
/* End PBXFileReference section */

/* Begin PBXFrameworksBuildPhase section */
		6798902925C6017F001CC84B /* Frameworks */ = {
			isa = PBXFrameworksBuildPhase;
			buildActionMask = 2147483647;
			files = (
			);
			runOnlyForDeploymentPostprocessing = 0;
		};
/* End PBXFrameworksBuildPhase section */

/* Begin PBXGroup section */
		6767923325D703C900F46DE1 /* Storyboards */ = {
			isa = PBXGroup;
			children = (
				6798903525C6017F001CC84B /* Main.storyboard */,
				6798903A25C60182001CC84B /* LaunchScreen.storyboard */,
			);
			path = Storyboards;
			sourceTree = "<group>";
		};
		6767923425D703D600F46DE1 /* Resources */ = {
			isa = PBXGroup;
			children = (
				6798903825C60182001CC84B /* Assets.xcassets */,
			);
			path = Resources;
			sourceTree = "<group>";
		};
		6767923525D703E700F46DE1 /* SupportingFiles */ = {
			isa = PBXGroup;
			children = (
				6798902F25C6017F001CC84B /* AppDelegate.swift */,
				6798903125C6017F001CC84B /* SceneDelegate.swift */,
				6798903D25C60182001CC84B /* Info.plist */,
			);
			path = SupportingFiles;
			sourceTree = "<group>";
		};
		6767923825D7042100F46DE1 /* Models */ = {
			isa = PBXGroup;
			children = (
			);
			path = Models;
			sourceTree = "<group>";
		};
		6767923925D7042E00F46DE1 /* ViewControllers */ = {
			isa = PBXGroup;
			children = (
				6798903325C6017F001CC84B /* SecondViewController.swift */,
				6767923B25D719DD00F46DE1 /* MainViewController.swift */,
			);
			path = ViewControllers;
			sourceTree = "<group>";
		};
		6798902325C6017F001CC84B = {
			isa = PBXGroup;
			children = (
				6798902E25C6017F001CC84B /* RGBPicker */,
				6798902D25C6017F001CC84B /* Products */,
			);
			sourceTree = "<group>";
		};
		6798902D25C6017F001CC84B /* Products */ = {
			isa = PBXGroup;
			children = (
				6798902C25C6017F001CC84B /* RGBPicker.app */,
			);
			name = Products;
			sourceTree = "<group>";
		};
		6798902E25C6017F001CC84B /* RGBPicker */ = {
			isa = PBXGroup;
			children = (
				6767923925D7042E00F46DE1 /* ViewControllers */,
				6767923825D7042100F46DE1 /* Models */,
				6767923525D703E700F46DE1 /* SupportingFiles */,
				6767923325D703C900F46DE1 /* Storyboards */,
				6767923425D703D600F46DE1 /* Resources */,
			);
			path = RGBPicker;
			sourceTree = "<group>";
		};
/* End PBXGroup section */

/* Begin PBXNativeTarget section */
		6798902B25C6017F001CC84B /* RGBPicker */ = {
			isa = PBXNativeTarget;
			buildConfigurationList = 6798904025C60182001CC84B /* Build configuration list for PBXNativeTarget "RGBPicker" */;
			buildPhases = (
				6798902825C6017F001CC84B /* Sources */,
				6798902925C6017F001CC84B /* Frameworks */,
				6798902A25C6017F001CC84B /* Resources */,
			);
			buildRules = (
			);
			dependencies = (
			);
			name = RGBPicker;
			productName = RGBPicker;
			productReference = 6798902C25C6017F001CC84B /* RGBPicker.app */;
			productType = "com.apple.product-type.application";
		};
/* End PBXNativeTarget section */

/* Begin PBXProject section */
		6798902425C6017F001CC84B /* Project object */ = {
			isa = PBXProject;
			attributes = {
				LastSwiftUpdateCheck = 1220;
				LastUpgradeCheck = 1220;
				TargetAttributes = {
					6798902B25C6017F001CC84B = {
						CreatedOnToolsVersion = 12.2;
					};
				};
			};
			buildConfigurationList = 6798902725C6017F001CC84B /* Build configuration list for PBXProject "RGBPicker" */;
			compatibilityVersion = "Xcode 9.3";
			developmentRegion = en;
			hasScannedForEncodings = 0;
			knownRegions = (
				en,
				Base,
			);
			mainGroup = 6798902325C6017F001CC84B;
			productRefGroup = 6798902D25C6017F001CC84B /* Products */;
			projectDirPath = "";
			projectRoot = "";
			targets = (
				6798902B25C6017F001CC84B /* RGBPicker */,
			);
		};
/* End PBXProject section */

/* Begin PBXResourcesBuildPhase section */
		6798902A25C6017F001CC84B /* Resources */ = {
			isa = PBXResourcesBuildPhase;
			buildActionMask = 2147483647;
			files = (
				6798903C25C60182001CC84B /* LaunchScreen.storyboard in Resources */,
				6798903925C60182001CC84B /* Assets.xcassets in Resources */,
				6798903725C6017F001CC84B /* Main.storyboard in Resources */,
			);
			runOnlyForDeploymentPostprocessing = 0;
		};
/* End PBXResourcesBuildPhase section */

/* Begin PBXSourcesBuildPhase section */
		6798902825C6017F001CC84B /* Sources */ = {
			isa = PBXSourcesBuildPhase;
			buildActionMask = 2147483647;
			files = (
				6798903425C6017F001CC84B /* SecondViewController.swift in Sources */,
				6798903025C6017F001CC84B /* AppDelegate.swift in Sources */,
				6798903225C6017F001CC84B /* SceneDelegate.swift in Sources */,
				6767923C25D719DD00F46DE1 /* MainViewController.swift in Sources */,
			);
			runOnlyForDeploymentPostprocessing = 0;
		};
/* End PBXSourcesBuildPhase section */

/* Begin PBXVariantGroup section */
		6798903525C6017F001CC84B /* Main.storyboard */ = {
			isa = PBXVariantGroup;
			children = (
				6798903625C6017F001CC84B /* Base */,
			);
			name = Main.storyboard;
			sourceTree = "<group>";
		};
		6798903A25C60182001CC84B /* LaunchScreen.storyboard */ = {
			isa = PBXVariantGroup;
			children = (
				6798903B25C60182001CC84B /* Base */,
			);
			name = LaunchScreen.storyboard;
			sourceTree = "<group>";
		};
/* End PBXVariantGroup section */

/* Begin XCBuildConfiguration section */
		6798903E25C60182001CC84B /* Debug */ = {
			isa = XCBuildConfiguration;
			buildSettings = {
				ALWAYS_SEARCH_USER_PATHS = NO;
				CLANG_ANALYZER_NONNULL = YES;
				CLANG_ANALYZER_NUMBER_OBJECT_CONVERSION = YES_AGGRESSIVE;
				CLANG_CXX_LANGUAGE_STANDARD = "gnu++14";
				CLANG_CXX_LIBRARY = "libc++";
				CLANG_ENABLE_MODULES = YES;
				CLANG_ENABLE_OBJC_ARC = YES;
				CLANG_ENABLE_OBJC_WEAK = YES;
				CLANG_WARN_BLOCK_CAPTURE_AUTORELEASING = YES;
				CLANG_WARN_BOOL_CONVERSION = YES;
				CLANG_WARN_COMMA = YES;
				CLANG_WARN_CONSTANT_CONVERSION = YES;
				CLANG_WARN_DEPRECATED_OBJC_IMPLEMENTATIONS = YES;
				CLANG_WARN_DIRECT_OBJC_ISA_USAGE = YES_ERROR;
				CLANG_WARN_DOCUMENTATION_COMMENTS = YES;
				CLANG_WARN_EMPTY_BODY = YES;
				CLANG_WARN_ENUM_CONVERSION = YES;
				CLANG_WARN_INFINITE_RECURSION = YES;
				CLANG_WARN_INT_CONVERSION = YES;
				CLANG_WARN_NON_LITERAL_NULL_CONVERSION = YES;
				CLANG_WARN_OBJC_IMPLICIT_RETAIN_SELF = YES;
				CLANG_WARN_OBJC_LITERAL_CONVERSION = YES;
				CLANG_WARN_OBJC_ROOT_CLASS = YES_ERROR;
				CLANG_WARN_QUOTED_INCLUDE_IN_FRAMEWORK_HEADER = YES;
				CLANG_WARN_RANGE_LOOP_ANALYSIS = YES;
				CLANG_WARN_STRICT_PROTOTYPES = YES;
				CLANG_WARN_SUSPICIOUS_MOVE = YES;
				CLANG_WARN_UNGUARDED_AVAILABILITY = YES_AGGRESSIVE;
				CLANG_WARN_UNREACHABLE_CODE = YES;
				CLANG_WARN__DUPLICATE_METHOD_MATCH = YES;
				COPY_PHASE_STRIP = NO;
				DEBUG_INFORMATION_FORMAT = dwarf;
				ENABLE_STRICT_OBJC_MSGSEND = YES;
				ENABLE_TESTABILITY = YES;
				GCC_C_LANGUAGE_STANDARD = gnu11;
				GCC_DYNAMIC_NO_PIC = NO;
				GCC_NO_COMMON_BLOCKS = YES;
				GCC_OPTIMIZATION_LEVEL = 0;
				GCC_PREPROCESSOR_DEFINITIONS = (
					"DEBUG=1",
					"$(inherited)",
				);
				GCC_WARN_64_TO_32_BIT_CONVERSION = YES;
				GCC_WARN_ABOUT_RETURN_TYPE = YES_ERROR;
				GCC_WARN_UNDECLARED_SELECTOR = YES;
				GCC_WARN_UNINITIALIZED_AUTOS = YES_AGGRESSIVE;
				GCC_WARN_UNUSED_FUNCTION = YES;
				GCC_WARN_UNUSED_VARIABLE = YES;
				IPHONEOS_DEPLOYMENT_TARGET = 14.2;
				MTL_ENABLE_DEBUG_INFO = INCLUDE_SOURCE;
				MTL_FAST_MATH = YES;
				ONLY_ACTIVE_ARCH = YES;
				SDKROOT = iphoneos;
				SWIFT_ACTIVE_COMPILATION_CONDITIONS = DEBUG;
				SWIFT_OPTIMIZATION_LEVEL = "-Onone";
			};
			name = Debug;
		};
		6798903F25C60182001CC84B /* Release */ = {
			isa = XCBuildConfiguration;
			buildSettings = {
				ALWAYS_SEARCH_USER_PATHS = NO;
				CLANG_ANALYZER_NONNULL = YES;
				CLANG_ANALYZER_NUMBER_OBJECT_CONVERSION = YES_AGGRESSIVE;
				CLANG_CXX_LANGUAGE_STANDARD = "gnu++14";
				CLANG_CXX_LIBRARY = "libc++";
				CLANG_ENABLE_MODULES = YES;
				CLANG_ENABLE_OBJC_ARC = YES;
				CLANG_ENABLE_OBJC_WEAK = YES;
				CLANG_WARN_BLOCK_CAPTURE_AUTORELEASING = YES;
				CLANG_WARN_BOOL_CONVERSION = YES;
				CLANG_WARN_COMMA = YES;
				CLANG_WARN_CONSTANT_CONVERSION = YES;
				CLANG_WARN_DEPRECATED_OBJC_IMPLEMENTATIONS = YES;
				CLANG_WARN_DIRECT_OBJC_ISA_USAGE = YES_ERROR;
				CLANG_WARN_DOCUMENTATION_COMMENTS = YES;
				CLANG_WARN_EMPTY_BODY = YES;
				CLANG_WARN_ENUM_CONVERSION = YES;
				CLANG_WARN_INFINITE_RECURSION = YES;
				CLANG_WARN_INT_CONVERSION = YES;
				CLANG_WARN_NON_LITERAL_NULL_CONVERSION = YES;
				CLANG_WARN_OBJC_IMPLICIT_RETAIN_SELF = YES;
				CLANG_WARN_OBJC_LITERAL_CONVERSION = YES;
				CLANG_WARN_OBJC_ROOT_CLASS = YES_ERROR;
				CLANG_WARN_QUOTED_INCLUDE_IN_FRAMEWORK_HEADER = YES;
				CLANG_WARN_RANGE_LOOP_ANALYSIS = YES;
				CLANG_WARN_STRICT_PROTOTYPES = YES;
				CLANG_WARN_SUSPICIOUS_MOVE = YES;
				CLANG_WARN_UNGUARDED_AVAILABILITY = YES_AGGRESSIVE;
				CLANG_WARN_UNREACHABLE_CODE = YES;
				CLANG_WARN__DUPLICATE_METHOD_MATCH = YES;
				COPY_PHASE_STRIP = NO;
				DEBUG_INFORMATION_FORMAT = "dwarf-with-dsym";
				ENABLE_NS_ASSERTIONS = NO;
				ENABLE_STRICT_OBJC_MSGSEND = YES;
				GCC_C_LANGUAGE_STANDARD = gnu11;
				GCC_NO_COMMON_BLOCKS = YES;
				GCC_WARN_64_TO_32_BIT_CONVERSION = YES;
				GCC_WARN_ABOUT_RETURN_TYPE = YES_ERROR;
				GCC_WARN_UNDECLARED_SELECTOR = YES;
				GCC_WARN_UNINITIALIZED_AUTOS = YES_AGGRESSIVE;
				GCC_WARN_UNUSED_FUNCTION = YES;
				GCC_WARN_UNUSED_VARIABLE = YES;
				IPHONEOS_DEPLOYMENT_TARGET = 14.2;
				MTL_ENABLE_DEBUG_INFO = NO;
				MTL_FAST_MATH = YES;
				SDKROOT = iphoneos;
				SWIFT_COMPILATION_MODE = wholemodule;
				SWIFT_OPTIMIZATION_LEVEL = "-O";
				VALIDATE_PRODUCT = YES;
			};
			name = Release;
		};
		6798904125C60182001CC84B /* Debug */ = {
			isa = XCBuildConfiguration;
			buildSettings = {
				ASSETCATALOG_COMPILER_APPICON_NAME = AppIcon;
				ASSETCATALOG_COMPILER_GLOBAL_ACCENT_COLOR_NAME = AccentColor;
				CODE_SIGN_STYLE = Automatic;
				DEVELOPMENT_TEAM = D8C7N2PLY3;
				INFOPLIST_FILE = RGBPicker/SupportingFiles/Info.plist;
				LD_RUNPATH_SEARCH_PATHS = (
					"$(inherited)",
					"@executable_path/Frameworks",
				);
				PRODUCT_BUNDLE_IDENTIFIER = com.albertRazhapov.RGBPicker;
				PRODUCT_NAME = "$(TARGET_NAME)";
				SWIFT_VERSION = 5.0;
				TARGETED_DEVICE_FAMILY = 1;
			};
			name = Debug;
		};
		6798904225C60182001CC84B /* Release */ = {
			isa = XCBuildConfiguration;
			buildSettings = {
				ASSETCATALOG_COMPILER_APPICON_NAME = AppIcon;
				ASSETCATALOG_COMPILER_GLOBAL_ACCENT_COLOR_NAME = AccentColor;
				CODE_SIGN_STYLE = Automatic;
				DEVELOPMENT_TEAM = D8C7N2PLY3;
				INFOPLIST_FILE = RGBPicker/SupportingFiles/Info.plist;
				LD_RUNPATH_SEARCH_PATHS = (
					"$(inherited)",
					"@executable_path/Frameworks",
				);
				PRODUCT_BUNDLE_IDENTIFIER = com.albertRazhapov.RGBPicker;
				PRODUCT_NAME = "$(TARGET_NAME)";
				SWIFT_VERSION = 5.0;
				TARGETED_DEVICE_FAMILY = 1;
			};
			name = Release;
		};
/* End XCBuildConfiguration section */

/* Begin XCConfigurationList section */
		6798902725C6017F001CC84B /* Build configuration list for PBXProject "RGBPicker" */ = {
			isa = XCConfigurationList;
			buildConfigurations = (
				6798903E25C60182001CC84B /* Debug */,
				6798903F25C60182001CC84B /* Release */,
			);
			defaultConfigurationIsVisible = 0;
			defaultConfigurationName = Release;
		};
		6798904025C60182001CC84B /* Build configuration list for PBXNativeTarget "RGBPicker" */ = {
			isa = XCConfigurationList;
			buildConfigurations = (
				6798904125C60182001CC84B /* Debug */,
				6798904225C60182001CC84B /* Release */,
			);
			defaultConfigurationIsVisible = 0;
			defaultConfigurationName = Release;
		};
/* End XCConfigurationList section */
	};
	rootObject = 6798902425C6017F001CC84B /* Project object */;
}
